
Microsoft Visual Studio Solution File, Format Version 12.00
# Visual Studio Version 17
VisualStudioVersion = 17.10.35013.160
MinimumVisualStudioVersion = 10.0.40219.1
Project("{8BC9CEB8-8B4A-11D0-8D11-00A0C91BC942}") = "PongGame", "PongGame.vcxproj", "{6D9A94EA-047A-4ADB-BAA0-D1E9CB844001}"
EndProject
Global
	GlobalSection(SolutionConfigurationPlatforms) = preSolution
		Debug|x64 = Debug|x64
		Debug|x86 = Debug|x86
		Release|x64 = Release|x64
		Release|x86 = Release|x86
	EndGlobalSection
	GlobalSection(ProjectConfigurationPlatforms) = postSolution
		{6D9A94EA-047A-4ADB-BAA0-D1E9CB844001}.Debug|x64.ActiveCfg = Debug|x64
		{6D9A94EA-047A-4ADB-BAA0-D1E9CB844001}.Debug|x64.Build.0 = Debug|x64
		{6D9A94EA-047A-4ADB-BAA0-D1E9CB844001}.Debug|x86.ActiveCfg = Debug|Win32
		{6D9A94EA-047A-4ADB-BAA0-D1E9CB844001}.Debug|x86.Build.0 = Debug|Win32
		{6D9A94EA-047A-4ADB-BAA0-D1E9CB844001}.Release|x64.ActiveCfg = Release|x64
		{6D9A94EA-047A-4ADB-BAA0-D1E9CB844001}.Release|x64.Build.0 = Release|x64
		{6D9A94EA-047A-4ADB-BAA0-D1E9CB844001}.Release|x86.ActiveCfg = Release|Win32
		{6D9A94EA-047A-4ADB-BAA0-D1E9CB844001}.Release|x86.Build.0 = Release|Win32
	EndGlobalSection
	GlobalSection(SolutionProperties) = preSolution
		HideSolutionNode = FALSE
	EndGlobalSection
	GlobalSection(ExtensibilityGlobals) = postSolution
		SolutionGuid = {93E1239B-F658-4E6B-8954-D6DCC493964E}
	EndGlobalSection
EndGlobal
